
Microsoft Visual Studio Solution File, Format Version 12.00
# Visual Studio 15
VisualStudioVersion = 15.0.27004.2006
MinimumVisualStudioVersion = 10.0.40219.1
Project("{FAE04EC0-301F-11D3-BF4B-00C04F79EFBC}") = "OgrenciDersTakip", "OgrenciDersTakip\OgrenciDersTakip.csproj", "{94081996-0DD9-4500-9CEC-2174ED41862C}"
EndProject
Global
	GlobalSection(SolutionConfigurationPlatforms) = preSolution
		Debug|Any CPU = Debug|Any CPU
		Release|Any CPU = Release|Any CPU
	EndGlobalSection
	GlobalSection(ProjectConfigurationPlatforms) = postSolution
		{94081996-0DD9-4500-9CEC-2174ED41862C}.Debug|Any CPU.ActiveCfg = Debug|Any CPU
		{94081996-0DD9-4500-9CEC-2174ED41862C}.Debug|Any CPU.Build.0 = Debug|Any CPU
		{94081996-0DD9-4500-9CEC-2174ED41862C}.Release|Any CPU.ActiveCfg = Release|Any CPU
		{94081996-0DD9-4500-9CEC-2174ED41862C}.Release|Any CPU.Build.0 = Release|Any CPU
	EndGlobalSection
	GlobalSection(SolutionProperties) = preSolution
		HideSolutionNode = FALSE
	EndGlobalSection
	GlobalSection(ExtensibilityGlobals) = postSolution
		SolutionGuid = {542B75C2-11D6-4BFA-A9A5-AB419DA19641}
	EndGlobalSection
EndGlobal
